
Microsoft Visual Studio Solution File, Format Version 12.00
# Visual Studio Version 17
VisualStudioVersion = 17.9.34728.123
MinimumVisualStudioVersion = 10.0.40219.1
Project("{FAE04EC0-301F-11D3-BF4B-00C04F79EFBC}") = "DotnetCoreDemo", "DotnetCoreDemo\DotnetCoreDemo.csproj", "{49E8E2AF-F206-4BDD-9648-D1E56CF1ACF3}"
EndProject
Project("{FAE04EC0-301F-11D3-BF4B-00C04F79EFBC}") = "DotnetCore.Data", "DotnetCoreData\DotnetCore.Data.csproj", "{8802CAA0-D34C-403A-AC61-6440E1ED8D13}"
EndProject
Global
	GlobalSection(SolutionConfigurationPlatforms) = preSolution
		Debug|Any CPU = Debug|Any CPU
		Release|Any CPU = Release|Any CPU
	EndGlobalSection
	GlobalSection(ProjectConfigurationPlatforms) = postSolution
		{49E8E2AF-F206-4BDD-9648-D1E56CF1ACF3}.Debug|Any CPU.ActiveCfg = Debug|Any CPU
		{49E8E2AF-F206-4BDD-9648-D1E56CF1ACF3}.Debug|Any CPU.Build.0 = Debug|Any CPU
		{49E8E2AF-F206-4BDD-9648-D1E56CF1ACF3}.Release|Any CPU.ActiveCfg = Release|Any CPU
		{49E8E2AF-F206-4BDD-9648-D1E56CF1ACF3}.Release|Any CPU.Build.0 = Release|Any CPU
		{8802CAA0-D34C-403A-AC61-6440E1ED8D13}.Debug|Any CPU.ActiveCfg = Debug|Any CPU
		{8802CAA0-D34C-403A-AC61-6440E1ED8D13}.Debug|Any CPU.Build.0 = Debug|Any CPU
		{8802CAA0-D34C-403A-AC61-6440E1ED8D13}.Release|Any CPU.ActiveCfg = Release|Any CPU
		{8802CAA0-D34C-403A-AC61-6440E1ED8D13}.Release|Any CPU.Build.0 = Release|Any CPU
	EndGlobalSection
	GlobalSection(SolutionProperties) = preSolution
		HideSolutionNode = FALSE
	EndGlobalSection
	GlobalSection(ExtensibilityGlobals) = postSolution
		SolutionGuid = {A3FFAE26-7FBF-4BD0-B585-174CE70A16C6}
	EndGlobalSection
EndGlobal
