
Microsoft Visual Studio Solution File, Format Version 12.00
# Visual Studio Version 17
VisualStudioVersion = 17.9.34622.214
MinimumVisualStudioVersion = 10.0.40219.1
Project("{FAE04EC0-301F-11D3-BF4B-00C04F79EFBC}") = "Classes", "Classes.csproj", "{02F2DA1A-37D4-4106-B5DC-DA96A50496FB}"
EndProject
Global
	GlobalSection(SolutionConfigurationPlatforms) = preSolution
		Debug|Any CPU = Debug|Any CPU
		Release|Any CPU = Release|Any CPU
	EndGlobalSection
	GlobalSection(ProjectConfigurationPlatforms) = postSolution
		{02F2DA1A-37D4-4106-B5DC-DA96A50496FB}.Debug|Any CPU.ActiveCfg = Debug|Any CPU
		{02F2DA1A-37D4-4106-B5DC-DA96A50496FB}.Debug|Any CPU.Build.0 = Debug|Any CPU
		{02F2DA1A-37D4-4106-B5DC-DA96A50496FB}.Release|Any CPU.ActiveCfg = Release|Any CPU
		{02F2DA1A-37D4-4106-B5DC-DA96A50496FB}.Release|Any CPU.Build.0 = Release|Any CPU
	EndGlobalSection
	GlobalSection(SolutionProperties) = preSolution
		HideSolutionNode = FALSE
	EndGlobalSection
	GlobalSection(ExtensibilityGlobals) = postSolution
		SolutionGuid = {15B4ABEE-4C57-4AF6-BAC0-BA5C21A3CD2D}
	EndGlobalSection
EndGlobal
